
Microsoft Visual Studio Solution File, Format Version 12.00
# Visual Studio Version 17
VisualStudioVersion = 17.1.32421.90
MinimumVisualStudioVersion = 10.0.40219.1
Project("{9A19103F-16F7-4668-BE54-9A1E7A4F7556}") = "RandomNumberDistChecker", "RandomNumberDist\RandomNumberDistChecker.csproj", "{286CCC3D-3B28-4C71-A596-0D97925E3716}"
EndProject
Global
	GlobalSection(SolutionConfigurationPlatforms) = preSolution
		Debug|Any CPU = Debug|Any CPU
		Release|Any CPU = Release|Any CPU
	EndGlobalSection
	GlobalSection(ProjectConfigurationPlatforms) = postSolution
		{286CCC3D-3B28-4C71-A596-0D97925E3716}.Debug|Any CPU.ActiveCfg = Debug|Any CPU
		{286CCC3D-3B28-4C71-A596-0D97925E3716}.Debug|Any CPU.Build.0 = Debug|Any CPU
		{286CCC3D-3B28-4C71-A596-0D97925E3716}.Release|Any CPU.ActiveCfg = Release|Any CPU
		{286CCC3D-3B28-4C71-A596-0D97925E3716}.Release|Any CPU.Build.0 = Release|Any CPU
	EndGlobalSection
	GlobalSection(SolutionProperties) = preSolution
		HideSolutionNode = FALSE
	EndGlobalSection
	GlobalSection(ExtensibilityGlobals) = postSolution
		SolutionGuid = {C091C546-B13C-4499-8999-20A8C8452C27}
	EndGlobalSection
EndGlobal
